
Microsoft Visual Studio Solution File, Format Version 12.00
# Visual Studio Version 17
VisualStudioVersion = 17.6.33829.357
MinimumVisualStudioVersion = 10.0.40219.1
Project("{FAE04EC0-301F-11D3-BF4B-00C04F79EFBC}") = "LISTALOCOMOTORA", "LISTALOCOMOTORA\LISTALOCOMOTORA.csproj", "{22A90B5A-270E-4556-BE4C-4DAD303B0C95}"
EndProject
Global
	GlobalSection(SolutionConfigurationPlatforms) = preSolution
		Debug|Any CPU = Debug|Any CPU
		Release|Any CPU = Release|Any CPU
	EndGlobalSection
	GlobalSection(ProjectConfigurationPlatforms) = postSolution
		{22A90B5A-270E-4556-BE4C-4DAD303B0C95}.Debug|Any CPU.ActiveCfg = Debug|Any CPU
		{22A90B5A-270E-4556-BE4C-4DAD303B0C95}.Debug|Any CPU.Build.0 = Debug|Any CPU
		{22A90B5A-270E-4556-BE4C-4DAD303B0C95}.Release|Any CPU.ActiveCfg = Release|Any CPU
		{22A90B5A-270E-4556-BE4C-4DAD303B0C95}.Release|Any CPU.Build.0 = Release|Any CPU
	EndGlobalSection
	GlobalSection(SolutionProperties) = preSolution
		HideSolutionNode = FALSE
	EndGlobalSection
	GlobalSection(ExtensibilityGlobals) = postSolution
		SolutionGuid = {943589A3-E2FF-422B-9D0A-0946953DC196}
	EndGlobalSection
EndGlobal
